{
    "_meta": {
        "hash": {
            "sha256": "de483b4789c5b2df8026b7f2a67665b918c1995a40d1145f00e80556008183ae"
        },
        "pipfile-spec": 6,
        "requires": {
            "python_version": "3.10"
        },
        "sources": [
            {
                "name": "pypi",
                "url": "https://pypi.org/simple",
                "verify_ssl": true
            }
        ]
    },
    "default": {
        "asgiref": {
            "hashes": [
                "sha256:1d2880b792ae8757289136f1db2b7b99100ce959b2aa57fd69dab783d05afac4",
                "sha256:4a29362a6acebe09bf1d6640db38c1dc3d9217c68e6f9f6204d72667fc19a424"
            ],
            "markers": "python_version >= '3.7'",
            "version": "==3.5.2"
        },
        "debugpy": {
            "hashes": [
                "sha256:0d383b91efee57dbb923ba20801130cf60450a0eda60bce25bccd937de8e323a",
                "sha256:0e3aa2368883e83e7b689ddff3cafb595f7b711f6a065886b46a96a7fef874e7",
                "sha256:132defb585b518955358321d0f42f6aa815aa15b432be27db654807707c70b2f",
                "sha256:1ff853e60e77e1c16f85a31adb8360bb2d98ca588d7ed645b7f0985b240bdb5e",
                "sha256:245c7789a012f86210847ec7ee9f38c30a30d4c2223c3e111829a76c9006a5d0",
                "sha256:30abefefd2ff5a5481162d613cb70e60e2fa80a5eb4c994717c0f008ed25d2e1",
                "sha256:40de9ba137d355538432209d05e0f5fe5d0498dce761c39119ad4b950b51db31",
                "sha256:4de7777842da7e08652f2776c552070bbdd758557fdec73a15d7be0e4aab95ce",
                "sha256:5c492235d6b68f879df3bdbdb01f25c15be15682665517c2c7d0420e5658d71f",
                "sha256:72bcfa97f3afa0064afc77ab811f48ad4a06ac330f290b675082c24437730366",
                "sha256:7b79c40852991f7b6c3ea65845ed0f5f6b731c37f4f9ad9c61e2ab4bd48a9275",
                "sha256:8e972c717d95f56b6a3a7a29a5ede1ee8f2c3802f6f0e678203b0778eb322bf1",
                "sha256:8ee75844242b4537beb5899f3e60a578454d1f136b99e8d57ac424573797b94a",
                "sha256:a65a2499761d47df3e9ea9567109be6e73d412e00ac3ffcf74839f3ddfcdf028",
                "sha256:a8aaeb53e87225141fda7b9081bd87155c1debc13e2f5a532d341112d1983b65",
                "sha256:bd980d533d0ddfc451e03a3bb32acb2900049fec39afc3425b944ebf0889be62",
                "sha256:e3513399177dd37af4c1332df52da5da1d0c387e5927dc4c0709e26ee7302e8f",
                "sha256:eb1946efac0c0c3d411cea0b5ac772fbde744109fd9520fb0c5a51979faf05ad"
            ],
            "index": "pypi",
            "version": "==1.6.0"
        },
        "django": {
            "hashes": [
                "sha256:502ae42b6ab1b612c933fb50d5ff850facf858a4c212f76946ecd8ea5b3bf2d9",
                "sha256:f7431a5de7277966f3785557c3928433347d998c1e6459324501378a291e5aab"
            ],
            "index": "pypi",
            "version": "==4.0.5"
        },
        "sqlparse": {
            "hashes": [
                "sha256:0c00730c74263a94e5a9919ade150dfc3b19c574389985446148402998287dae",
                "sha256:48719e356bb8b42991bdbb1e8b83223757b93789c00910a616a071910ca4a64d"
            ],
            "markers": "python_version >= '3.5'",
            "version": "==0.4.2"
        }
    },
    "develop": {}
}
